
Microsoft Visual Studio Solution File, Format Version 12.00
# Visual Studio 14
VisualStudioVersion = 14.0.24720.0
MinimumVisualStudioVersion = 10.0.40219.1
Project("{FAE04EC0-301F-11D3-BF4B-00C04F79EFBC}") = "PetaPocoConsole", "PetaPocoConsole\PetaPocoConsole.csproj", "{765D6160-9840-45BA-8645-5F8FCFEC1FCE}"
EndProject
Global
	GlobalSection(SolutionConfigurationPlatforms) = preSolution
		Debug|Any CPU = Debug|Any CPU
		Release|Any CPU = Release|Any CPU
	EndGlobalSection
	GlobalSection(ProjectConfigurationPlatforms) = postSolution
		{765D6160-9840-45BA-8645-5F8FCFEC1FCE}.Debug|Any CPU.ActiveCfg = Debug|Any CPU
		{765D6160-9840-45BA-8645-5F8FCFEC1FCE}.Debug|Any CPU.Build.0 = Debug|Any CPU
		{765D6160-9840-45BA-8645-5F8FCFEC1FCE}.Release|Any CPU.ActiveCfg = Release|Any CPU
		{765D6160-9840-45BA-8645-5F8FCFEC1FCE}.Release|Any CPU.Build.0 = Release|Any CPU
	EndGlobalSection
	GlobalSection(SolutionProperties) = preSolution
		HideSolutionNode = FALSE
	EndGlobalSection
EndGlobal
